
Microsoft Visual Studio Solution File, Format Version 12.00
# Visual Studio 15
VisualStudioVersion = 15.0.27130.2024
MinimumVisualStudioVersion = 10.0.40219.1
Project("{FAE04EC0-301F-11D3-BF4B-00C04F79EFBC}") = "MockHelper", "MockHelper.csproj", "{7E9341A8-4021-4882-93D4-8C8FC6EAC3F8}"
EndProject
Global
	GlobalSection(SolutionConfigurationPlatforms) = preSolution
		Debug|Any CPU = Debug|Any CPU
		Release|Any CPU = Release|Any CPU
	EndGlobalSection
	GlobalSection(ProjectConfigurationPlatforms) = postSolution
		{7E9341A8-4021-4882-93D4-8C8FC6EAC3F8}.Debug|Any CPU.ActiveCfg = Debug|Any CPU
		{7E9341A8-4021-4882-93D4-8C8FC6EAC3F8}.Debug|Any CPU.Build.0 = Debug|Any CPU
		{7E9341A8-4021-4882-93D4-8C8FC6EAC3F8}.Release|Any CPU.ActiveCfg = Release|Any CPU
		{7E9341A8-4021-4882-93D4-8C8FC6EAC3F8}.Release|Any CPU.Build.0 = Release|Any CPU
	EndGlobalSection
	GlobalSection(SolutionProperties) = preSolution
		HideSolutionNode = FALSE
	EndGlobalSection
	GlobalSection(ExtensibilityGlobals) = postSolution
		SolutionGuid = {1D361CA1-12FA-4ADB-A011-F3FFB05B7101}
	EndGlobalSection
	GlobalSection(TeamFoundationVersionControl) = preSolution
		SccNumberOfProjects = 1
		SccEnterpriseProvider = {4CA58AB2-18FA-4F8D-95D4-32DDF27D184C}
		SccTeamFoundationServer = https://itbakos.visualstudio.com/
		SccProjectUniqueName0 = MockHelper.csproj
		SccProjectName0 = .
		SccAuxPath0 = https://itbakos.visualstudio.com
		SccLocalPath0 = .
		SccProvider0 = {4CA58AB2-18FA-4F8D-95D4-32DDF27D184C}
	EndGlobalSection
EndGlobal
